
Microsoft Visual Studio Solution File, Format Version 12.00
# Visual Studio Version 16
VisualStudioVersion = 16.0.31025.194
MinimumVisualStudioVersion = 10.0.40219.1
Project("{FAE04EC0-301F-11D3-BF4B-00C04F79EFBC}") = "Roblox_Cheats", "Roblox_Cheats\Roblox_Cheats.csproj", "{4F43216D-FE92-423A-B41C-FE9154BCE009}"
EndProject
Global
	GlobalSection(SolutionConfigurationPlatforms) = preSolution
		Debug|Any CPU = Debug|Any CPU
		Release|Any CPU = Release|Any CPU
	EndGlobalSection
	GlobalSection(ProjectConfigurationPlatforms) = postSolution
		{4F43216D-FE92-423A-B41C-FE9154BCE009}.Debug|Any CPU.ActiveCfg = Debug|Any CPU
		{4F43216D-FE92-423A-B41C-FE9154BCE009}.Debug|Any CPU.Build.0 = Debug|Any CPU
		{4F43216D-FE92-423A-B41C-FE9154BCE009}.Release|Any CPU.ActiveCfg = Release|Any CPU
		{4F43216D-FE92-423A-B41C-FE9154BCE009}.Release|Any CPU.Build.0 = Release|Any CPU
	EndGlobalSection
	GlobalSection(SolutionProperties) = preSolution
		HideSolutionNode = FALSE
	EndGlobalSection
	GlobalSection(ExtensibilityGlobals) = postSolution
		SolutionGuid = {BF1F41F9-BB01-48E4-8F4E-F2F9DF50D43B}
	EndGlobalSection
EndGlobal
